{
  "version": 2,
  "dependencies": {
    "net10.0": {
      "Microsoft.EntityFrameworkCore.Abstractions": {
        "type": "Transitive",
        "resolved": "10.0.10",
        "contentHash": "bOzrFCl6uZCjaSh2bG1ToRQRdx+iXvxosCg9hFyG9OWeAzOFI4xev9OqKeWfKf/kAHyox2JnbcvLVf2ceA7sqA=="
      },
      "Microsoft.EntityFrameworkCore.Analyzers": {
        "type": "Transitive",
        "resolved": "10.0.10",
        "contentHash": "2gLDordUCGf3aNOOuqtTbP5mxhiP9nk6TnvGiE3RnqT891O+Zf/qKu1PIREubs1M16A0SImr4vULBfU5BTDs1Q=="
      },
      "Npgsql": {
        "type": "Transitive",
        "resolved": "10.0.0",
        "contentHash": "xZAYhPOU2rUIFpV48xsqhCx9vXs6Y+0jX2LCoSEfDFYMw9jtAOUk3iQsCnDLrFIv9NT3JGMihn7nnuZsPKqJmA=="
      },
      "purpleglass.application.abstractions": {
        "type": "Project",
        "dependencies": {
          "PurpleGlass.SharedKernel": "[1.0.0, )"
        }
      },
      "purpleglass.eventing": {
        "type": "Project",
        "dependencies": {
          "PurpleGlass.Application.Abstractions": "[1.0.0, )",
          "PurpleGlass.SharedKernel": "[1.0.0, )"
        }
      },
      "purpleglass.modules.audit.application": {
        "type": "Project",
        "dependencies": {
          "PurpleGlass.Application.Abstractions": "[1.0.0, )",
          "PurpleGlass.Modules.Audit.Contracts": "[1.0.0, )",
          "PurpleGlass.Modules.Audit.Domain": "[1.0.0, )"
        }
      },
      "purpleglass.modules.audit.contracts": {
        "type": "Project"
      },
      "purpleglass.modules.audit.domain": {
        "type": "Project",
        "dependencies": {
          "PurpleGlass.SharedKernel": "[1.0.0, )"
        }
      },
      "purpleglass.modules.audit.infrastructure": {
        "type": "Project",
        "dependencies": {
          "Microsoft.EntityFrameworkCore": "[10.0.10, )",
          "Microsoft.EntityFrameworkCore.Relational": "[10.0.10, )",
          "PurpleGlass.Eventing": "[1.0.0, )",
          "PurpleGlass.Modules.Audit.Application": "[1.0.0, )",
          "PurpleGlass.Modules.Audit.Domain": "[1.0.0, )",
          "PurpleGlass.Observability": "[1.0.0, )"
        }
      },
      "purpleglass.modules.audit.presentation": {
        "type": "Project",
        "dependencies": {
          "PurpleGlass.Modules.Audit.Application": "[1.0.0, )",
          "PurpleGlass.Modules.Audit.Contracts": "[1.0.0, )"
        }
      },
      "purpleglass.modules.tenancy.application": {
        "type": "Project",
        "dependencies": {
          "PurpleGlass.Application.Abstractions": "[1.0.0, )",
          "PurpleGlass.Eventing": "[1.0.0, )",
          "PurpleGlass.Modules.Audit.Application": "[1.0.0, )",
          "PurpleGlass.Modules.Tenancy.Contracts": "[1.0.0, )",
          "PurpleGlass.Modules.Tenancy.Domain": "[1.0.0, )"
        }
      },
      "purpleglass.modules.tenancy.contracts": {
        "type": "Project"
      },
      "purpleglass.modules.tenancy.domain": {
        "type": "Project",
        "dependencies": {
          "PurpleGlass.SharedKernel": "[1.0.0, )"
        }
      },
      "purpleglass.modules.tenancy.infrastructure": {
        "type": "Project",
        "dependencies": {
          "Microsoft.EntityFrameworkCore": "[10.0.10, )",
          "Npgsql.EntityFrameworkCore.PostgreSQL": "[10.0.0, )",
          "PurpleGlass.Eventing": "[1.0.0, )",
          "PurpleGlass.Modules.Audit.Infrastructure": "[1.0.0, )",
          "PurpleGlass.Modules.Tenancy.Application": "[1.0.0, )",
          "PurpleGlass.Modules.Tenancy.Domain": "[1.0.0, )",
          "PurpleGlass.Observability": "[1.0.0, )"
        }
      },
      "purpleglass.modules.tenancy.presentation": {
        "type": "Project",
        "dependencies": {
          "PurpleGlass.Modules.Tenancy.Application": "[1.0.0, )",
          "PurpleGlass.Modules.Tenancy.Contracts": "[1.0.0, )"
        }
      },
      "purpleglass.observability": {
        "type": "Project"
      },
      "purpleglass.sharedkernel": {
        "type": "Project"
      },
      "Microsoft.EntityFrameworkCore": {
        "type": "CentralTransitive",
        "requested": "[10.0.10, )",
        "resolved": "10.0.10",
        "contentHash": "a0V7zj/VbYP6dTdWpUgE/r2PuLKtUGe2aJ0lVKkn/wP9ZhaxUz2kQydVfvOjCv2SKxlrqdBfHhPD4Cvlf+4ffA==",
        "dependencies": {
          "Microsoft.EntityFrameworkCore.Abstractions": "10.0.10",
          "Microsoft.EntityFrameworkCore.Analyzers": "10.0.10"
        }
      },
      "Microsoft.EntityFrameworkCore.Relational": {
        "type": "CentralTransitive",
        "requested": "[10.0.10, )",
        "resolved": "10.0.10",
        "contentHash": "wNonj40aZxia+GtuBiiD6ZqVh4h6y5Nje1bGdmzZ8/ui0QRsAN+S0SIrLHFCEGbG9cDbeaE40sh+Lr7o9rRs6g==",
        "dependencies": {
          "Microsoft.EntityFrameworkCore": "10.0.10"
        }
      },
      "Npgsql.EntityFrameworkCore.PostgreSQL": {
        "type": "CentralTransitive",
        "requested": "[10.0.0, )",
        "resolved": "10.0.0",
        "contentHash": "E2+uSWxSB8LdsUVwPaqRWOcGOP92biry2JEwc0KJMdLJF+aZdczeIdEXVwEyv4nSVMQJH0o8tLhyAMiR6VF0lw==",
        "dependencies": {
          "Microsoft.EntityFrameworkCore": "[10.0.0, 11.0.0)",
          "Microsoft.EntityFrameworkCore.Relational": "[10.0.0, 11.0.0)",
          "Npgsql": "10.0.0"
        }
      }
    }
  }
}