
Microsoft Visual Studio Solution File, Format Version 12.00
# Visual Studio Version 17
VisualStudioVersion = 17.0.31903.59
MinimumVisualStudioVersion = 10.0.40219.1
Project("{2150E333-8FDC-42A3-9474-1A3956D46DE8}") = "BuildingBlocks", "BuildingBlocks", "{7266C4A9-E384-DC00-0EB6-47F6002CFBA7}"
EndProject
Project("{FAE04EC0-301F-11D3-BF4B-00C04F79EFBC}") = "PurpleGlass.SharedKernel", "BuildingBlocks\PurpleGlass.SharedKernel\PurpleGlass.SharedKernel.csproj", "{2697FDCD-3102-40A4-B10A-E376CC811505}"
EndProject
Project("{FAE04EC0-301F-11D3-BF4B-00C04F79EFBC}") = "PurpleGlass.Application.Abstractions", "BuildingBlocks\PurpleGlass.Application.Abstractions\PurpleGlass.Application.Abstractions.csproj", "{FE554EC7-BD01-458D-B226-74513B59699D}"
EndProject
Project("{FAE04EC0-301F-11D3-BF4B-00C04F79EFBC}") = "PurpleGlass.Eventing", "BuildingBlocks\PurpleGlass.Eventing\PurpleGlass.Eventing.csproj", "{4AEF00CB-4175-4757-9C50-7752E21D6AF4}"
EndProject
Project("{FAE04EC0-301F-11D3-BF4B-00C04F79EFBC}") = "PurpleGlass.Observability", "BuildingBlocks\PurpleGlass.Observability\PurpleGlass.Observability.csproj", "{497094A4-A1F9-4066-89B3-73704DE3EC5D}"
EndProject
Project("{FAE04EC0-301F-11D3-BF4B-00C04F79EFBC}") = "PurpleGlass.Testing", "BuildingBlocks\PurpleGlass.Testing\PurpleGlass.Testing.csproj", "{4F27A37C-B285-4BBF-B037-A31384414CFB}"
EndProject
Project("{2150E333-8FDC-42A3-9474-1A3956D46DE8}") = "Hosts", "Hosts", "{2F3EF1A3-B2B0-B28C-122D-FFB85167A4CE}"
EndProject
Project("{FAE04EC0-301F-11D3-BF4B-00C04F79EFBC}") = "PurpleGlass.WebBff", "Hosts\PurpleGlass.WebBff\PurpleGlass.WebBff.csproj", "{376AEB48-B3DD-4185-8A3B-32F105B6A4C8}"
EndProject
Project("{FAE04EC0-301F-11D3-BF4B-00C04F79EFBC}") = "PurpleGlass.Api", "Hosts\PurpleGlass.Api\PurpleGlass.Api.csproj", "{7B753BD3-8EFF-41AF-AB47-6A26BC2948D9}"
EndProject
Project("{FAE04EC0-301F-11D3-BF4B-00C04F79EFBC}") = "PurpleGlass.Migrations", "Hosts\PurpleGlass.Migrations\PurpleGlass.Migrations.csproj", "{1B354AA3-1F22-4A3C-9F8F-07B509DC2A00}"
EndProject
Project("{FAE04EC0-301F-11D3-BF4B-00C04F79EFBC}") = "PurpleGlass.Integrations.Worker", "Hosts\PurpleGlass.Integrations.Worker\PurpleGlass.Integrations.Worker.csproj", "{2110E2C2-D457-4408-B191-235737F9FDA1}"
EndProject
Project("{2150E333-8FDC-42A3-9474-1A3956D46DE8}") = "Modules", "Modules", "{CA253913-39DE-BFD0-C9A3-4B7EC6FBDF17}"
EndProject
Project("{2150E333-8FDC-42A3-9474-1A3956D46DE8}") = "Tenancy", "Tenancy", "{A76EE12E-3ECC-62C3-0A2F-98209D0D945F}"
EndProject
Project("{2150E333-8FDC-42A3-9474-1A3956D46DE8}") = "Domain", "Domain", "{24FFA47D-3D27-742B-6BB2-F27FF3FEB759}"
EndProject
Project("{FAE04EC0-301F-11D3-BF4B-00C04F79EFBC}") = "PurpleGlass.Modules.Tenancy.Domain", "Modules\Tenancy\Domain\PurpleGlass.Modules.Tenancy.Domain.csproj", "{6788C1C1-CF75-4DAF-9CC8-8B2678819720}"
EndProject
Project("{2150E333-8FDC-42A3-9474-1A3956D46DE8}") = "Application", "Application", "{D19E66B2-C2B2-C287-202E-924E5ADDEDBC}"
EndProject
Project("{FAE04EC0-301F-11D3-BF4B-00C04F79EFBC}") = "PurpleGlass.Modules.Tenancy.Application", "Modules\Tenancy\Application\PurpleGlass.Modules.Tenancy.Application.csproj", "{424A7CFB-3C11-4072-ACB9-B59757667BBA}"
EndProject
Project("{2150E333-8FDC-42A3-9474-1A3956D46DE8}") = "Infrastructure", "Infrastructure", "{E20D3153-5D7A-75D9-ADF7-0FF192F9C777}"
EndProject
Project("{FAE04EC0-301F-11D3-BF4B-00C04F79EFBC}") = "PurpleGlass.Modules.Tenancy.Infrastructure", "Modules\Tenancy\Infrastructure\PurpleGlass.Modules.Tenancy.Infrastructure.csproj", "{AE333619-91A7-4CFA-B815-111D8F445334}"
EndProject
Project("{2150E333-8FDC-42A3-9474-1A3956D46DE8}") = "Contracts", "Contracts", "{9A36AA89-A1C7-4CE8-BE81-7A622B8EC81F}"
EndProject
Project("{FAE04EC0-301F-11D3-BF4B-00C04F79EFBC}") = "PurpleGlass.Modules.Tenancy.Contracts", "Modules\Tenancy\Contracts\PurpleGlass.Modules.Tenancy.Contracts.csproj", "{657362EE-AA5D-48C3-BDC2-21EC76FA5E9F}"
EndProject
Project("{2150E333-8FDC-42A3-9474-1A3956D46DE8}") = "Presentation", "Presentation", "{E4C212F9-424B-0859-497F-A698F603E8E8}"
EndProject
Project("{FAE04EC0-301F-11D3-BF4B-00C04F79EFBC}") = "PurpleGlass.Modules.Tenancy.Presentation", "Modules\Tenancy\Presentation\PurpleGlass.Modules.Tenancy.Presentation.csproj", "{CB850ECA-F1E2-4790-860F-F917C41749E5}"
EndProject
Project("{2150E333-8FDC-42A3-9474-1A3956D46DE8}") = "Audit", "Audit", "{4530E714-70CB-5450-9BAD-13216F9E520A}"
EndProject
Project("{2150E333-8FDC-42A3-9474-1A3956D46DE8}") = "Domain", "Domain", "{F5CA9B7C-2978-8598-6085-8D515625D884}"
EndProject
Project("{FAE04EC0-301F-11D3-BF4B-00C04F79EFBC}") = "PurpleGlass.Modules.Audit.Domain", "Modules\Audit\Domain\PurpleGlass.Modules.Audit.Domain.csproj", "{BF64A393-47A6-493B-8856-E5B1982D71E1}"
EndProject
Project("{2150E333-8FDC-42A3-9474-1A3956D46DE8}") = "Application", "Application", "{830B176A-588B-0C60-CDE7-316BFCA5E8DD}"
EndProject
Project("{FAE04EC0-301F-11D3-BF4B-00C04F79EFBC}") = "PurpleGlass.Modules.Audit.Application", "Modules\Audit\Application\PurpleGlass.Modules.Audit.Application.csproj", "{FB8A09DD-7172-40FA-83A2-92A03814B629}"
EndProject
Project("{2150E333-8FDC-42A3-9474-1A3956D46DE8}") = "Infrastructure", "Infrastructure", "{BD8BE728-AA26-A486-B3E5-4F2C496D53F3}"
EndProject
Project("{FAE04EC0-301F-11D3-BF4B-00C04F79EFBC}") = "PurpleGlass.Modules.Audit.Infrastructure", "Modules\Audit\Infrastructure\PurpleGlass.Modules.Audit.Infrastructure.csproj", "{B7D8322A-D041-45F7-92AA-423FA4B8E6E4}"
EndProject
Project("{2150E333-8FDC-42A3-9474-1A3956D46DE8}") = "Contracts", "Contracts", "{E65D9650-78FB-B629-D601-70646AA61F2A}"
EndProject
Project("{FAE04EC0-301F-11D3-BF4B-00C04F79EFBC}") = "PurpleGlass.Modules.Audit.Contracts", "Modules\Audit\Contracts\PurpleGlass.Modules.Audit.Contracts.csproj", "{DE3AA834-5DB1-4099-9297-17323DCEF3BA}"
EndProject
Project("{2150E333-8FDC-42A3-9474-1A3956D46DE8}") = "Presentation", "Presentation", "{3DB11F3C-37CE-28A3-0502-38B8E7962E4C}"
EndProject
Project("{FAE04EC0-301F-11D3-BF4B-00C04F79EFBC}") = "PurpleGlass.Modules.Audit.Presentation", "Modules\Audit\Presentation\PurpleGlass.Modules.Audit.Presentation.csproj", "{64E4B5FA-D4B3-4B34-B53B-EF0043E8278F}"
EndProject
Project("{FAE04EC0-301F-11D3-BF4B-00C04F79EFBC}") = "PurpleGlass.UnitTests", "..\..\tests\unit\PurpleGlass.UnitTests\PurpleGlass.UnitTests.csproj", "{EE45BC23-AF67-4B1B-B0B9-31F954EB43DB}"
EndProject
Project("{FAE04EC0-301F-11D3-BF4B-00C04F79EFBC}") = "PurpleGlass.IntegrationTests", "..\..\tests\integration\PurpleGlass.IntegrationTests\PurpleGlass.IntegrationTests.csproj", "{87992157-3219-4568-AAD6-ED6D353E2F89}"
EndProject
Project("{FAE04EC0-301F-11D3-BF4B-00C04F79EFBC}") = "PurpleGlass.ArchitectureTests", "..\..\tests\architecture\PurpleGlass.ArchitectureTests\PurpleGlass.ArchitectureTests.csproj", "{EC7099C5-278F-4480-ABDD-83BAE06310B8}"
EndProject
Global
	GlobalSection(SolutionConfigurationPlatforms) = preSolution
		Debug|Any CPU = Debug|Any CPU
		Debug|x64 = Debug|x64
		Debug|x86 = Debug|x86
		Release|Any CPU = Release|Any CPU
		Release|x64 = Release|x64
		Release|x86 = Release|x86
	EndGlobalSection
	GlobalSection(ProjectConfigurationPlatforms) = postSolution
		{2697FDCD-3102-40A4-B10A-E376CC811505}.Debug|Any CPU.ActiveCfg = Debug|Any CPU
		{2697FDCD-3102-40A4-B10A-E376CC811505}.Debug|Any CPU.Build.0 = Debug|Any CPU
		{2697FDCD-3102-40A4-B10A-E376CC811505}.Debug|x64.ActiveCfg = Debug|Any CPU
		{2697FDCD-3102-40A4-B10A-E376CC811505}.Debug|x64.Build.0 = Debug|Any CPU
		{2697FDCD-3102-40A4-B10A-E376CC811505}.Debug|x86.ActiveCfg = Debug|Any CPU
		{2697FDCD-3102-40A4-B10A-E376CC811505}.Debug|x86.Build.0 = Debug|Any CPU
		{2697FDCD-3102-40A4-B10A-E376CC811505}.Release|Any CPU.ActiveCfg = Release|Any CPU
		{2697FDCD-3102-40A4-B10A-E376CC811505}.Release|Any CPU.Build.0 = Release|Any CPU
		{2697FDCD-3102-40A4-B10A-E376CC811505}.Release|x64.ActiveCfg = Release|Any CPU
		{2697FDCD-3102-40A4-B10A-E376CC811505}.Release|x64.Build.0 = Release|Any CPU
		{2697FDCD-3102-40A4-B10A-E376CC811505}.Release|x86.ActiveCfg = Release|Any CPU
		{2697FDCD-3102-40A4-B10A-E376CC811505}.Release|x86.Build.0 = Release|Any CPU
		{FE554EC7-BD01-458D-B226-74513B59699D}.Debug|Any CPU.ActiveCfg = Debug|Any CPU
		{FE554EC7-BD01-458D-B226-74513B59699D}.Debug|Any CPU.Build.0 = Debug|Any CPU
		{FE554EC7-BD01-458D-B226-74513B59699D}.Debug|x64.ActiveCfg = Debug|Any CPU
		{FE554EC7-BD01-458D-B226-74513B59699D}.Debug|x64.Build.0 = Debug|Any CPU
		{FE554EC7-BD01-458D-B226-74513B59699D}.Debug|x86.ActiveCfg = Debug|Any CPU
		{FE554EC7-BD01-458D-B226-74513B59699D}.Debug|x86.Build.0 = Debug|Any CPU
		{FE554EC7-BD01-458D-B226-74513B59699D}.Release|Any CPU.ActiveCfg = Release|Any CPU
		{FE554EC7-BD01-458D-B226-74513B59699D}.Release|Any CPU.Build.0 = Release|Any CPU
		{FE554EC7-BD01-458D-B226-74513B59699D}.Release|x64.ActiveCfg = Release|Any CPU
		{FE554EC7-BD01-458D-B226-74513B59699D}.Release|x64.Build.0 = Release|Any CPU
		{FE554EC7-BD01-458D-B226-74513B59699D}.Release|x86.ActiveCfg = Release|Any CPU
		{FE554EC7-BD01-458D-B226-74513B59699D}.Release|x86.Build.0 = Release|Any CPU
		{4AEF00CB-4175-4757-9C50-7752E21D6AF4}.Debug|Any CPU.ActiveCfg = Debug|Any CPU
		{4AEF00CB-4175-4757-9C50-7752E21D6AF4}.Debug|Any CPU.Build.0 = Debug|Any CPU
		{4AEF00CB-4175-4757-9C50-7752E21D6AF4}.Debug|x64.ActiveCfg = Debug|Any CPU
		{4AEF00CB-4175-4757-9C50-7752E21D6AF4}.Debug|x64.Build.0 = Debug|Any CPU
		{4AEF00CB-4175-4757-9C50-7752E21D6AF4}.Debug|x86.ActiveCfg = Debug|Any CPU
		{4AEF00CB-4175-4757-9C50-7752E21D6AF4}.Debug|x86.Build.0 = Debug|Any CPU
		{4AEF00CB-4175-4757-9C50-7752E21D6AF4}.Release|Any CPU.ActiveCfg = Release|Any CPU
		{4AEF00CB-4175-4757-9C50-7752E21D6AF4}.Release|Any CPU.Build.0 = Release|Any CPU
		{4AEF00CB-4175-4757-9C50-7752E21D6AF4}.Release|x64.ActiveCfg = Release|Any CPU
		{4AEF00CB-4175-4757-9C50-7752E21D6AF4}.Release|x64.Build.0 = Release|Any CPU
		{4AEF00CB-4175-4757-9C50-7752E21D6AF4}.Release|x86.ActiveCfg = Release|Any CPU
		{4AEF00CB-4175-4757-9C50-7752E21D6AF4}.Release|x86.Build.0 = Release|Any CPU
		{497094A4-A1F9-4066-89B3-73704DE3EC5D}.Debug|Any CPU.ActiveCfg = Debug|Any CPU
		{497094A4-A1F9-4066-89B3-73704DE3EC5D}.Debug|Any CPU.Build.0 = Debug|Any CPU
		{497094A4-A1F9-4066-89B3-73704DE3EC5D}.Debug|x64.ActiveCfg = Debug|Any CPU
		{497094A4-A1F9-4066-89B3-73704DE3EC5D}.Debug|x64.Build.0 = Debug|Any CPU
		{497094A4-A1F9-4066-89B3-73704DE3EC5D}.Debug|x86.ActiveCfg = Debug|Any CPU
		{497094A4-A1F9-4066-89B3-73704DE3EC5D}.Debug|x86.Build.0 = Debug|Any CPU
		{497094A4-A1F9-4066-89B3-73704DE3EC5D}.Release|Any CPU.ActiveCfg = Release|Any CPU
		{497094A4-A1F9-4066-89B3-73704DE3EC5D}.Release|Any CPU.Build.0 = Release|Any CPU
		{497094A4-A1F9-4066-89B3-73704DE3EC5D}.Release|x64.ActiveCfg = Release|Any CPU
		{497094A4-A1F9-4066-89B3-73704DE3EC5D}.Release|x64.Build.0 = Release|Any CPU
		{497094A4-A1F9-4066-89B3-73704DE3EC5D}.Release|x86.ActiveCfg = Release|Any CPU
		{497094A4-A1F9-4066-89B3-73704DE3EC5D}.Release|x86.Build.0 = Release|Any CPU
		{4F27A37C-B285-4BBF-B037-A31384414CFB}.Debug|Any CPU.ActiveCfg = Debug|Any CPU
		{4F27A37C-B285-4BBF-B037-A31384414CFB}.Debug|Any CPU.Build.0 = Debug|Any CPU
		{4F27A37C-B285-4BBF-B037-A31384414CFB}.Debug|x64.ActiveCfg = Debug|Any CPU
		{4F27A37C-B285-4BBF-B037-A31384414CFB}.Debug|x64.Build.0 = Debug|Any CPU
		{4F27A37C-B285-4BBF-B037-A31384414CFB}.Debug|x86.ActiveCfg = Debug|Any CPU
		{4F27A37C-B285-4BBF-B037-A31384414CFB}.Debug|x86.Build.0 = Debug|Any CPU
		{4F27A37C-B285-4BBF-B037-A31384414CFB}.Release|Any CPU.ActiveCfg = Release|Any CPU
		{4F27A37C-B285-4BBF-B037-A31384414CFB}.Release|Any CPU.Build.0 = Release|Any CPU
		{4F27A37C-B285-4BBF-B037-A31384414CFB}.Release|x64.ActiveCfg = Release|Any CPU
		{4F27A37C-B285-4BBF-B037-A31384414CFB}.Release|x64.Build.0 = Release|Any CPU
		{4F27A37C-B285-4BBF-B037-A31384414CFB}.Release|x86.ActiveCfg = Release|Any CPU
		{4F27A37C-B285-4BBF-B037-A31384414CFB}.Release|x86.Build.0 = Release|Any CPU
		{376AEB48-B3DD-4185-8A3B-32F105B6A4C8}.Debug|Any CPU.ActiveCfg = Debug|Any CPU
		{376AEB48-B3DD-4185-8A3B-32F105B6A4C8}.Debug|Any CPU.Build.0 = Debug|Any CPU
		{376AEB48-B3DD-4185-8A3B-32F105B6A4C8}.Debug|x64.ActiveCfg = Debug|Any CPU
		{376AEB48-B3DD-4185-8A3B-32F105B6A4C8}.Debug|x64.Build.0 = Debug|Any CPU
		{376AEB48-B3DD-4185-8A3B-32F105B6A4C8}.Debug|x86.ActiveCfg = Debug|Any CPU
		{376AEB48-B3DD-4185-8A3B-32F105B6A4C8}.Debug|x86.Build.0 = Debug|Any CPU
		{376AEB48-B3DD-4185-8A3B-32F105B6A4C8}.Release|Any CPU.ActiveCfg = Release|Any CPU
		{376AEB48-B3DD-4185-8A3B-32F105B6A4C8}.Release|Any CPU.Build.0 = Release|Any CPU
		{376AEB48-B3DD-4185-8A3B-32F105B6A4C8}.Release|x64.ActiveCfg = Release|Any CPU
		{376AEB48-B3DD-4185-8A3B-32F105B6A4C8}.Release|x64.Build.0 = Release|Any CPU
		{376AEB48-B3DD-4185-8A3B-32F105B6A4C8}.Release|x86.ActiveCfg = Release|Any CPU
		{376AEB48-B3DD-4185-8A3B-32F105B6A4C8}.Release|x86.Build.0 = Release|Any CPU
		{7B753BD3-8EFF-41AF-AB47-6A26BC2948D9}.Debug|Any CPU.ActiveCfg = Debug|Any CPU
		{7B753BD3-8EFF-41AF-AB47-6A26BC2948D9}.Debug|Any CPU.Build.0 = Debug|Any CPU
		{7B753BD3-8EFF-41AF-AB47-6A26BC2948D9}.Debug|x64.ActiveCfg = Debug|Any CPU
		{7B753BD3-8EFF-41AF-AB47-6A26BC2948D9}.Debug|x64.Build.0 = Debug|Any CPU
		{7B753BD3-8EFF-41AF-AB47-6A26BC2948D9}.Debug|x86.ActiveCfg = Debug|Any CPU
		{7B753BD3-8EFF-41AF-AB47-6A26BC2948D9}.Debug|x86.Build.0 = Debug|Any CPU
		{7B753BD3-8EFF-41AF-AB47-6A26BC2948D9}.Release|Any CPU.ActiveCfg = Release|Any CPU
		{7B753BD3-8EFF-41AF-AB47-6A26BC2948D9}.Release|Any CPU.Build.0 = Release|Any CPU
		{7B753BD3-8EFF-41AF-AB47-6A26BC2948D9}.Release|x64.ActiveCfg = Release|Any CPU
		{7B753BD3-8EFF-41AF-AB47-6A26BC2948D9}.Release|x64.Build.0 = Release|Any CPU
		{7B753BD3-8EFF-41AF-AB47-6A26BC2948D9}.Release|x86.ActiveCfg = Release|Any CPU
		{7B753BD3-8EFF-41AF-AB47-6A26BC2948D9}.Release|x86.Build.0 = Release|Any CPU
		{1B354AA3-1F22-4A3C-9F8F-07B509DC2A00}.Debug|Any CPU.ActiveCfg = Debug|Any CPU
		{1B354AA3-1F22-4A3C-9F8F-07B509DC2A00}.Debug|Any CPU.Build.0 = Debug|Any CPU
		{1B354AA3-1F22-4A3C-9F8F-07B509DC2A00}.Debug|x64.ActiveCfg = Debug|Any CPU
		{1B354AA3-1F22-4A3C-9F8F-07B509DC2A00}.Debug|x64.Build.0 = Debug|Any CPU
		{1B354AA3-1F22-4A3C-9F8F-07B509DC2A00}.Debug|x86.ActiveCfg = Debug|Any CPU
		{1B354AA3-1F22-4A3C-9F8F-07B509DC2A00}.Debug|x86.Build.0 = Debug|Any CPU
		{1B354AA3-1F22-4A3C-9F8F-07B509DC2A00}.Release|Any CPU.ActiveCfg = Release|Any CPU
		{1B354AA3-1F22-4A3C-9F8F-07B509DC2A00}.Release|Any CPU.Build.0 = Release|Any CPU
		{1B354AA3-1F22-4A3C-9F8F-07B509DC2A00}.Release|x64.ActiveCfg = Release|Any CPU
		{1B354AA3-1F22-4A3C-9F8F-07B509DC2A00}.Release|x64.Build.0 = Release|Any CPU
		{1B354AA3-1F22-4A3C-9F8F-07B509DC2A00}.Release|x86.ActiveCfg = Release|Any CPU
		{1B354AA3-1F22-4A3C-9F8F-07B509DC2A00}.Release|x86.Build.0 = Release|Any CPU
		{2110E2C2-D457-4408-B191-235737F9FDA1}.Debug|Any CPU.ActiveCfg = Debug|Any CPU
		{2110E2C2-D457-4408-B191-235737F9FDA1}.Debug|Any CPU.Build.0 = Debug|Any CPU
		{2110E2C2-D457-4408-B191-235737F9FDA1}.Debug|x64.ActiveCfg = Debug|Any CPU
		{2110E2C2-D457-4408-B191-235737F9FDA1}.Debug|x64.Build.0 = Debug|Any CPU
		{2110E2C2-D457-4408-B191-235737F9FDA1}.Debug|x86.ActiveCfg = Debug|Any CPU
		{2110E2C2-D457-4408-B191-235737F9FDA1}.Debug|x86.Build.0 = Debug|Any CPU
		{2110E2C2-D457-4408-B191-235737F9FDA1}.Release|Any CPU.ActiveCfg = Release|Any CPU
		{2110E2C2-D457-4408-B191-235737F9FDA1}.Release|Any CPU.Build.0 = Release|Any CPU
		{2110E2C2-D457-4408-B191-235737F9FDA1}.Release|x64.ActiveCfg = Release|Any CPU
		{2110E2C2-D457-4408-B191-235737F9FDA1}.Release|x64.Build.0 = Release|Any CPU
		{2110E2C2-D457-4408-B191-235737F9FDA1}.Release|x86.ActiveCfg = Release|Any CPU
		{2110E2C2-D457-4408-B191-235737F9FDA1}.Release|x86.Build.0 = Release|Any CPU
		{6788C1C1-CF75-4DAF-9CC8-8B2678819720}.Debug|Any CPU.ActiveCfg = Debug|Any CPU
		{6788C1C1-CF75-4DAF-9CC8-8B2678819720}.Debug|Any CPU.Build.0 = Debug|Any CPU
		{6788C1C1-CF75-4DAF-9CC8-8B2678819720}.Debug|x64.ActiveCfg = Debug|Any CPU
		{6788C1C1-CF75-4DAF-9CC8-8B2678819720}.Debug|x64.Build.0 = Debug|Any CPU
		{6788C1C1-CF75-4DAF-9CC8-8B2678819720}.Debug|x86.ActiveCfg = Debug|Any CPU
		{6788C1C1-CF75-4DAF-9CC8-8B2678819720}.Debug|x86.Build.0 = Debug|Any CPU
		{6788C1C1-CF75-4DAF-9CC8-8B2678819720}.Release|Any CPU.ActiveCfg = Release|Any CPU
		{6788C1C1-CF75-4DAF-9CC8-8B2678819720}.Release|Any CPU.Build.0 = Release|Any CPU
		{6788C1C1-CF75-4DAF-9CC8-8B2678819720}.Release|x64.ActiveCfg = Release|Any CPU
		{6788C1C1-CF75-4DAF-9CC8-8B2678819720}.Release|x64.Build.0 = Release|Any CPU
		{6788C1C1-CF75-4DAF-9CC8-8B2678819720}.Release|x86.ActiveCfg = Release|Any CPU
		{6788C1C1-CF75-4DAF-9CC8-8B2678819720}.Release|x86.Build.0 = Release|Any CPU
		{424A7CFB-3C11-4072-ACB9-B59757667BBA}.Debug|Any CPU.ActiveCfg = Debug|Any CPU
		{424A7CFB-3C11-4072-ACB9-B59757667BBA}.Debug|Any CPU.Build.0 = Debug|Any CPU
		{424A7CFB-3C11-4072-ACB9-B59757667BBA}.Debug|x64.ActiveCfg = Debug|Any CPU
		{424A7CFB-3C11-4072-ACB9-B59757667BBA}.Debug|x64.Build.0 = Debug|Any CPU
		{424A7CFB-3C11-4072-ACB9-B59757667BBA}.Debug|x86.ActiveCfg = Debug|Any CPU
		{424A7CFB-3C11-4072-ACB9-B59757667BBA}.Debug|x86.Build.0 = Debug|Any CPU
		{424A7CFB-3C11-4072-ACB9-B59757667BBA}.Release|Any CPU.ActiveCfg = Release|Any CPU
		{424A7CFB-3C11-4072-ACB9-B59757667BBA}.Release|Any CPU.Build.0 = Release|Any CPU
		{424A7CFB-3C11-4072-ACB9-B59757667BBA}.Release|x64.ActiveCfg = Release|Any CPU
		{424A7CFB-3C11-4072-ACB9-B59757667BBA}.Release|x64.Build.0 = Release|Any CPU
		{424A7CFB-3C11-4072-ACB9-B59757667BBA}.Release|x86.ActiveCfg = Release|Any CPU
		{424A7CFB-3C11-4072-ACB9-B59757667BBA}.Release|x86.Build.0 = Release|Any CPU
		{AE333619-91A7-4CFA-B815-111D8F445334}.Debug|Any CPU.ActiveCfg = Debug|Any CPU
		{AE333619-91A7-4CFA-B815-111D8F445334}.Debug|Any CPU.Build.0 = Debug|Any CPU
		{AE333619-91A7-4CFA-B815-111D8F445334}.Debug|x64.ActiveCfg = Debug|Any CPU
		{AE333619-91A7-4CFA-B815-111D8F445334}.Debug|x64.Build.0 = Debug|Any CPU
		{AE333619-91A7-4CFA-B815-111D8F445334}.Debug|x86.ActiveCfg = Debug|Any CPU
		{AE333619-91A7-4CFA-B815-111D8F445334}.Debug|x86.Build.0 = Debug|Any CPU
		{AE333619-91A7-4CFA-B815-111D8F445334}.Release|Any CPU.ActiveCfg = Release|Any CPU
		{AE333619-91A7-4CFA-B815-111D8F445334}.Release|Any CPU.Build.0 = Release|Any CPU
		{AE333619-91A7-4CFA-B815-111D8F445334}.Release|x64.ActiveCfg = Release|Any CPU
		{AE333619-91A7-4CFA-B815-111D8F445334}.Release|x64.Build.0 = Release|Any CPU
		{AE333619-91A7-4CFA-B815-111D8F445334}.Release|x86.ActiveCfg = Release|Any CPU
		{AE333619-91A7-4CFA-B815-111D8F445334}.Release|x86.Build.0 = Release|Any CPU
		{657362EE-AA5D-48C3-BDC2-21EC76FA5E9F}.Debug|Any CPU.ActiveCfg = Debug|Any CPU
		{657362EE-AA5D-48C3-BDC2-21EC76FA5E9F}.Debug|Any CPU.Build.0 = Debug|Any CPU
		{657362EE-AA5D-48C3-BDC2-21EC76FA5E9F}.Debug|x64.ActiveCfg = Debug|Any CPU
		{657362EE-AA5D-48C3-BDC2-21EC76FA5E9F}.Debug|x64.Build.0 = Debug|Any CPU
		{657362EE-AA5D-48C3-BDC2-21EC76FA5E9F}.Debug|x86.ActiveCfg = Debug|Any CPU
		{657362EE-AA5D-48C3-BDC2-21EC76FA5E9F}.Debug|x86.Build.0 = Debug|Any CPU
		{657362EE-AA5D-48C3-BDC2-21EC76FA5E9F}.Release|Any CPU.ActiveCfg = Release|Any CPU
		{657362EE-AA5D-48C3-BDC2-21EC76FA5E9F}.Release|Any CPU.Build.0 = Release|Any CPU
		{657362EE-AA5D-48C3-BDC2-21EC76FA5E9F}.Release|x64.ActiveCfg = Release|Any CPU
		{657362EE-AA5D-48C3-BDC2-21EC76FA5E9F}.Release|x64.Build.0 = Release|Any CPU
		{657362EE-AA5D-48C3-BDC2-21EC76FA5E9F}.Release|x86.ActiveCfg = Release|Any CPU
		{657362EE-AA5D-48C3-BDC2-21EC76FA5E9F}.Release|x86.Build.0 = Release|Any CPU
		{CB850ECA-F1E2-4790-860F-F917C41749E5}.Debug|Any CPU.ActiveCfg = Debug|Any CPU
		{CB850ECA-F1E2-4790-860F-F917C41749E5}.Debug|Any CPU.Build.0 = Debug|Any CPU
		{CB850ECA-F1E2-4790-860F-F917C41749E5}.Debug|x64.ActiveCfg = Debug|Any CPU
		{CB850ECA-F1E2-4790-860F-F917C41749E5}.Debug|x64.Build.0 = Debug|Any CPU
		{CB850ECA-F1E2-4790-860F-F917C41749E5}.Debug|x86.ActiveCfg = Debug|Any CPU
		{CB850ECA-F1E2-4790-860F-F917C41749E5}.Debug|x86.Build.0 = Debug|Any CPU
		{CB850ECA-F1E2-4790-860F-F917C41749E5}.Release|Any CPU.ActiveCfg = Release|Any CPU
		{CB850ECA-F1E2-4790-860F-F917C41749E5}.Release|Any CPU.Build.0 = Release|Any CPU
		{CB850ECA-F1E2-4790-860F-F917C41749E5}.Release|x64.ActiveCfg = Release|Any CPU
		{CB850ECA-F1E2-4790-860F-F917C41749E5}.Release|x64.Build.0 = Release|Any CPU
		{CB850ECA-F1E2-4790-860F-F917C41749E5}.Release|x86.ActiveCfg = Release|Any CPU
		{CB850ECA-F1E2-4790-860F-F917C41749E5}.Release|x86.Build.0 = Release|Any CPU
		{BF64A393-47A6-493B-8856-E5B1982D71E1}.Debug|Any CPU.ActiveCfg = Debug|Any CPU
		{BF64A393-47A6-493B-8856-E5B1982D71E1}.Debug|Any CPU.Build.0 = Debug|Any CPU
		{BF64A393-47A6-493B-8856-E5B1982D71E1}.Debug|x64.ActiveCfg = Debug|Any CPU
		{BF64A393-47A6-493B-8856-E5B1982D71E1}.Debug|x64.Build.0 = Debug|Any CPU
		{BF64A393-47A6-493B-8856-E5B1982D71E1}.Debug|x86.ActiveCfg = Debug|Any CPU
		{BF64A393-47A6-493B-8856-E5B1982D71E1}.Debug|x86.Build.0 = Debug|Any CPU
		{BF64A393-47A6-493B-8856-E5B1982D71E1}.Release|Any CPU.ActiveCfg = Release|Any CPU
		{BF64A393-47A6-493B-8856-E5B1982D71E1}.Release|Any CPU.Build.0 = Release|Any CPU
		{BF64A393-47A6-493B-8856-E5B1982D71E1}.Release|x64.ActiveCfg = Release|Any CPU
		{BF64A393-47A6-493B-8856-E5B1982D71E1}.Release|x64.Build.0 = Release|Any CPU
		{BF64A393-47A6-493B-8856-E5B1982D71E1}.Release|x86.ActiveCfg = Release|Any CPU
		{BF64A393-47A6-493B-8856-E5B1982D71E1}.Release|x86.Build.0 = Release|Any CPU
		{FB8A09DD-7172-40FA-83A2-92A03814B629}.Debug|Any CPU.ActiveCfg = Debug|Any CPU
		{FB8A09DD-7172-40FA-83A2-92A03814B629}.Debug|Any CPU.Build.0 = Debug|Any CPU
		{FB8A09DD-7172-40FA-83A2-92A03814B629}.Debug|x64.ActiveCfg = Debug|Any CPU
		{FB8A09DD-7172-40FA-83A2-92A03814B629}.Debug|x64.Build.0 = Debug|Any CPU
		{FB8A09DD-7172-40FA-83A2-92A03814B629}.Debug|x86.ActiveCfg = Debug|Any CPU
		{FB8A09DD-7172-40FA-83A2-92A03814B629}.Debug|x86.Build.0 = Debug|Any CPU
		{FB8A09DD-7172-40FA-83A2-92A03814B629}.Release|Any CPU.ActiveCfg = Release|Any CPU
		{FB8A09DD-7172-40FA-83A2-92A03814B629}.Release|Any CPU.Build.0 = Release|Any CPU
		{FB8A09DD-7172-40FA-83A2-92A03814B629}.Release|x64.ActiveCfg = Release|Any CPU
		{FB8A09DD-7172-40FA-83A2-92A03814B629}.Release|x64.Build.0 = Release|Any CPU
		{FB8A09DD-7172-40FA-83A2-92A03814B629}.Release|x86.ActiveCfg = Release|Any CPU
		{FB8A09DD-7172-40FA-83A2-92A03814B629}.Release|x86.Build.0 = Release|Any CPU
		{B7D8322A-D041-45F7-92AA-423FA4B8E6E4}.Debug|Any CPU.ActiveCfg = Debug|Any CPU
		{B7D8322A-D041-45F7-92AA-423FA4B8E6E4}.Debug|Any CPU.Build.0 = Debug|Any CPU
		{B7D8322A-D041-45F7-92AA-423FA4B8E6E4}.Debug|x64.ActiveCfg = Debug|Any CPU
		{B7D8322A-D041-45F7-92AA-423FA4B8E6E4}.Debug|x64.Build.0 = Debug|Any CPU
		{B7D8322A-D041-45F7-92AA-423FA4B8E6E4}.Debug|x86.ActiveCfg = Debug|Any CPU
		{B7D8322A-D041-45F7-92AA-423FA4B8E6E4}.Debug|x86.Build.0 = Debug|Any CPU
		{B7D8322A-D041-45F7-92AA-423FA4B8E6E4}.Release|Any CPU.ActiveCfg = Release|Any CPU
		{B7D8322A-D041-45F7-92AA-423FA4B8E6E4}.Release|Any CPU.Build.0 = Release|Any CPU
		{B7D8322A-D041-45F7-92AA-423FA4B8E6E4}.Release|x64.ActiveCfg = Release|Any CPU
		{B7D8322A-D041-45F7-92AA-423FA4B8E6E4}.Release|x64.Build.0 = Release|Any CPU
		{B7D8322A-D041-45F7-92AA-423FA4B8E6E4}.Release|x86.ActiveCfg = Release|Any CPU
		{B7D8322A-D041-45F7-92AA-423FA4B8E6E4}.Release|x86.Build.0 = Release|Any CPU
		{DE3AA834-5DB1-4099-9297-17323DCEF3BA}.Debug|Any CPU.ActiveCfg = Debug|Any CPU
		{DE3AA834-5DB1-4099-9297-17323DCEF3BA}.Debug|Any CPU.Build.0 = Debug|Any CPU
		{DE3AA834-5DB1-4099-9297-17323DCEF3BA}.Debug|x64.ActiveCfg = Debug|Any CPU
		{DE3AA834-5DB1-4099-9297-17323DCEF3BA}.Debug|x64.Build.0 = Debug|Any CPU
		{DE3AA834-5DB1-4099-9297-17323DCEF3BA}.Debug|x86.ActiveCfg = Debug|Any CPU
		{DE3AA834-5DB1-4099-9297-17323DCEF3BA}.Debug|x86.Build.0 = Debug|Any CPU
		{DE3AA834-5DB1-4099-9297-17323DCEF3BA}.Release|Any CPU.ActiveCfg = Release|Any CPU
		{DE3AA834-5DB1-4099-9297-17323DCEF3BA}.Release|Any CPU.Build.0 = Release|Any CPU
		{DE3AA834-5DB1-4099-9297-17323DCEF3BA}.Release|x64.ActiveCfg = Release|Any CPU
		{DE3AA834-5DB1-4099-9297-17323DCEF3BA}.Release|x64.Build.0 = Release|Any CPU
		{DE3AA834-5DB1-4099-9297-17323DCEF3BA}.Release|x86.ActiveCfg = Release|Any CPU
		{DE3AA834-5DB1-4099-9297-17323DCEF3BA}.Release|x86.Build.0 = Release|Any CPU
		{64E4B5FA-D4B3-4B34-B53B-EF0043E8278F}.Debug|Any CPU.ActiveCfg = Debug|Any CPU
		{64E4B5FA-D4B3-4B34-B53B-EF0043E8278F}.Debug|Any CPU.Build.0 = Debug|Any CPU
		{64E4B5FA-D4B3-4B34-B53B-EF0043E8278F}.Debug|x64.ActiveCfg = Debug|Any CPU
		{64E4B5FA-D4B3-4B34-B53B-EF0043E8278F}.Debug|x64.Build.0 = Debug|Any CPU
		{64E4B5FA-D4B3-4B34-B53B-EF0043E8278F}.Debug|x86.ActiveCfg = Debug|Any CPU
		{64E4B5FA-D4B3-4B34-B53B-EF0043E8278F}.Debug|x86.Build.0 = Debug|Any CPU
		{64E4B5FA-D4B3-4B34-B53B-EF0043E8278F}.Release|Any CPU.ActiveCfg = Release|Any CPU
		{64E4B5FA-D4B3-4B34-B53B-EF0043E8278F}.Release|Any CPU.Build.0 = Release|Any CPU
		{64E4B5FA-D4B3-4B34-B53B-EF0043E8278F}.Release|x64.ActiveCfg = Release|Any CPU
		{64E4B5FA-D4B3-4B34-B53B-EF0043E8278F}.Release|x64.Build.0 = Release|Any CPU
		{64E4B5FA-D4B3-4B34-B53B-EF0043E8278F}.Release|x86.ActiveCfg = Release|Any CPU
		{64E4B5FA-D4B3-4B34-B53B-EF0043E8278F}.Release|x86.Build.0 = Release|Any CPU
		{EE45BC23-AF67-4B1B-B0B9-31F954EB43DB}.Debug|Any CPU.ActiveCfg = Debug|Any CPU
		{EE45BC23-AF67-4B1B-B0B9-31F954EB43DB}.Debug|Any CPU.Build.0 = Debug|Any CPU
		{EE45BC23-AF67-4B1B-B0B9-31F954EB43DB}.Debug|x64.ActiveCfg = Debug|Any CPU
		{EE45BC23-AF67-4B1B-B0B9-31F954EB43DB}.Debug|x64.Build.0 = Debug|Any CPU
		{EE45BC23-AF67-4B1B-B0B9-31F954EB43DB}.Debug|x86.ActiveCfg = Debug|Any CPU
		{EE45BC23-AF67-4B1B-B0B9-31F954EB43DB}.Debug|x86.Build.0 = Debug|Any CPU
		{EE45BC23-AF67-4B1B-B0B9-31F954EB43DB}.Release|Any CPU.ActiveCfg = Release|Any CPU
		{EE45BC23-AF67-4B1B-B0B9-31F954EB43DB}.Release|Any CPU.Build.0 = Release|Any CPU
		{EE45BC23-AF67-4B1B-B0B9-31F954EB43DB}.Release|x64.ActiveCfg = Release|Any CPU
		{EE45BC23-AF67-4B1B-B0B9-31F954EB43DB}.Release|x64.Build.0 = Release|Any CPU
		{EE45BC23-AF67-4B1B-B0B9-31F954EB43DB}.Release|x86.ActiveCfg = Release|Any CPU
		{EE45BC23-AF67-4B1B-B0B9-31F954EB43DB}.Release|x86.Build.0 = Release|Any CPU
		{87992157-3219-4568-AAD6-ED6D353E2F89}.Debug|Any CPU.ActiveCfg = Debug|Any CPU
		{87992157-3219-4568-AAD6-ED6D353E2F89}.Debug|Any CPU.Build.0 = Debug|Any CPU
		{87992157-3219-4568-AAD6-ED6D353E2F89}.Debug|x64.ActiveCfg = Debug|Any CPU
		{87992157-3219-4568-AAD6-ED6D353E2F89}.Debug|x64.Build.0 = Debug|Any CPU
		{87992157-3219-4568-AAD6-ED6D353E2F89}.Debug|x86.ActiveCfg = Debug|Any CPU
		{87992157-3219-4568-AAD6-ED6D353E2F89}.Debug|x86.Build.0 = Debug|Any CPU
		{87992157-3219-4568-AAD6-ED6D353E2F89}.Release|Any CPU.ActiveCfg = Release|Any CPU
		{87992157-3219-4568-AAD6-ED6D353E2F89}.Release|Any CPU.Build.0 = Release|Any CPU
		{87992157-3219-4568-AAD6-ED6D353E2F89}.Release|x64.ActiveCfg = Release|Any CPU
		{87992157-3219-4568-AAD6-ED6D353E2F89}.Release|x64.Build.0 = Release|Any CPU
		{87992157-3219-4568-AAD6-ED6D353E2F89}.Release|x86.ActiveCfg = Release|Any CPU
		{87992157-3219-4568-AAD6-ED6D353E2F89}.Release|x86.Build.0 = Release|Any CPU
		{EC7099C5-278F-4480-ABDD-83BAE06310B8}.Debug|Any CPU.ActiveCfg = Debug|Any CPU
		{EC7099C5-278F-4480-ABDD-83BAE06310B8}.Debug|Any CPU.Build.0 = Debug|Any CPU
		{EC7099C5-278F-4480-ABDD-83BAE06310B8}.Debug|x64.ActiveCfg = Debug|Any CPU
		{EC7099C5-278F-4480-ABDD-83BAE06310B8}.Debug|x64.Build.0 = Debug|Any CPU
		{EC7099C5-278F-4480-ABDD-83BAE06310B8}.Debug|x86.ActiveCfg = Debug|Any CPU
		{EC7099C5-278F-4480-ABDD-83BAE06310B8}.Debug|x86.Build.0 = Debug|Any CPU
		{EC7099C5-278F-4480-ABDD-83BAE06310B8}.Release|Any CPU.ActiveCfg = Release|Any CPU
		{EC7099C5-278F-4480-ABDD-83BAE06310B8}.Release|Any CPU.Build.0 = Release|Any CPU
		{EC7099C5-278F-4480-ABDD-83BAE06310B8}.Release|x64.ActiveCfg = Release|Any CPU
		{EC7099C5-278F-4480-ABDD-83BAE06310B8}.Release|x64.Build.0 = Release|Any CPU
		{EC7099C5-278F-4480-ABDD-83BAE06310B8}.Release|x86.ActiveCfg = Release|Any CPU
		{EC7099C5-278F-4480-ABDD-83BAE06310B8}.Release|x86.Build.0 = Release|Any CPU
	EndGlobalSection
	GlobalSection(SolutionProperties) = preSolution
		HideSolutionNode = FALSE
	EndGlobalSection
	GlobalSection(NestedProjects) = preSolution
		{2697FDCD-3102-40A4-B10A-E376CC811505} = {7266C4A9-E384-DC00-0EB6-47F6002CFBA7}
		{FE554EC7-BD01-458D-B226-74513B59699D} = {7266C4A9-E384-DC00-0EB6-47F6002CFBA7}
		{4AEF00CB-4175-4757-9C50-7752E21D6AF4} = {7266C4A9-E384-DC00-0EB6-47F6002CFBA7}
		{497094A4-A1F9-4066-89B3-73704DE3EC5D} = {7266C4A9-E384-DC00-0EB6-47F6002CFBA7}
		{4F27A37C-B285-4BBF-B037-A31384414CFB} = {7266C4A9-E384-DC00-0EB6-47F6002CFBA7}
		{376AEB48-B3DD-4185-8A3B-32F105B6A4C8} = {2F3EF1A3-B2B0-B28C-122D-FFB85167A4CE}
		{7B753BD3-8EFF-41AF-AB47-6A26BC2948D9} = {2F3EF1A3-B2B0-B28C-122D-FFB85167A4CE}
		{1B354AA3-1F22-4A3C-9F8F-07B509DC2A00} = {2F3EF1A3-B2B0-B28C-122D-FFB85167A4CE}
		{2110E2C2-D457-4408-B191-235737F9FDA1} = {2F3EF1A3-B2B0-B28C-122D-FFB85167A4CE}
		{A76EE12E-3ECC-62C3-0A2F-98209D0D945F} = {CA253913-39DE-BFD0-C9A3-4B7EC6FBDF17}
		{24FFA47D-3D27-742B-6BB2-F27FF3FEB759} = {A76EE12E-3ECC-62C3-0A2F-98209D0D945F}
		{6788C1C1-CF75-4DAF-9CC8-8B2678819720} = {24FFA47D-3D27-742B-6BB2-F27FF3FEB759}
		{D19E66B2-C2B2-C287-202E-924E5ADDEDBC} = {A76EE12E-3ECC-62C3-0A2F-98209D0D945F}
		{424A7CFB-3C11-4072-ACB9-B59757667BBA} = {D19E66B2-C2B2-C287-202E-924E5ADDEDBC}
		{E20D3153-5D7A-75D9-ADF7-0FF192F9C777} = {A76EE12E-3ECC-62C3-0A2F-98209D0D945F}
		{AE333619-91A7-4CFA-B815-111D8F445334} = {E20D3153-5D7A-75D9-ADF7-0FF192F9C777}
		{9A36AA89-A1C7-4CE8-BE81-7A622B8EC81F} = {A76EE12E-3ECC-62C3-0A2F-98209D0D945F}
		{657362EE-AA5D-48C3-BDC2-21EC76FA5E9F} = {9A36AA89-A1C7-4CE8-BE81-7A622B8EC81F}
		{E4C212F9-424B-0859-497F-A698F603E8E8} = {A76EE12E-3ECC-62C3-0A2F-98209D0D945F}
		{CB850ECA-F1E2-4790-860F-F917C41749E5} = {E4C212F9-424B-0859-497F-A698F603E8E8}
		{4530E714-70CB-5450-9BAD-13216F9E520A} = {CA253913-39DE-BFD0-C9A3-4B7EC6FBDF17}
		{F5CA9B7C-2978-8598-6085-8D515625D884} = {4530E714-70CB-5450-9BAD-13216F9E520A}
		{BF64A393-47A6-493B-8856-E5B1982D71E1} = {F5CA9B7C-2978-8598-6085-8D515625D884}
		{830B176A-588B-0C60-CDE7-316BFCA5E8DD} = {4530E714-70CB-5450-9BAD-13216F9E520A}
		{FB8A09DD-7172-40FA-83A2-92A03814B629} = {830B176A-588B-0C60-CDE7-316BFCA5E8DD}
		{BD8BE728-AA26-A486-B3E5-4F2C496D53F3} = {4530E714-70CB-5450-9BAD-13216F9E520A}
		{B7D8322A-D041-45F7-92AA-423FA4B8E6E4} = {BD8BE728-AA26-A486-B3E5-4F2C496D53F3}
		{E65D9650-78FB-B629-D601-70646AA61F2A} = {4530E714-70CB-5450-9BAD-13216F9E520A}
		{DE3AA834-5DB1-4099-9297-17323DCEF3BA} = {E65D9650-78FB-B629-D601-70646AA61F2A}
		{3DB11F3C-37CE-28A3-0502-38B8E7962E4C} = {4530E714-70CB-5450-9BAD-13216F9E520A}
		{64E4B5FA-D4B3-4B34-B53B-EF0043E8278F} = {3DB11F3C-37CE-28A3-0502-38B8E7962E4C}
	EndGlobalSection
EndGlobal
