{
  "version": 2,
  "dependencies": {
    "net10.0": {
      "Microsoft.AspNetCore.Authentication.OpenIdConnect": {
        "type": "Direct",
        "requested": "[10.0.10, )",
        "resolved": "10.0.10",
        "contentHash": "JSFSrOzl1N1iBbUIVGVdB+WaKeswxHR6qJAlE+PxImYZPhSM8KlrBRRSi3Oxytpx3DY25W8BJMKHvtMbHBxFZg==",
        "dependencies": {
          "Microsoft.IdentityModel.Protocols.OpenIdConnect": "8.19.2"
        }
      },
      "MQTTnet": {
        "type": "Direct",
        "requested": "[5.2.0.1603, )",
        "resolved": "5.2.0.1603",
        "contentHash": "iNuWVo/568aRo2ExEN2qkC4J5b07ckKqt+9Uok2kIbbK7PMBsXvYiKVENPHmOBWFB5ExhlNQb/qQ8M9/IYRTdQ=="
      },
      "Microsoft.Bcl.Cryptography": {
        "type": "Transitive",
        "resolved": "10.0.2",
        "contentHash": "LG9Yll3B5aNpxv0+D47g6LiOiKBIlodhcHdQwcYzo8VeexFLGqx5ymetmA2aBRyo9cCcWsQWrFsdbsr8LvmWDw=="
      },
      "Microsoft.EntityFrameworkCore.Abstractions": {
        "type": "Transitive",
        "resolved": "10.0.10",
        "contentHash": "bOzrFCl6uZCjaSh2bG1ToRQRdx+iXvxosCg9hFyG9OWeAzOFI4xev9OqKeWfKf/kAHyox2JnbcvLVf2ceA7sqA=="
      },
      "Microsoft.EntityFrameworkCore.Analyzers": {
        "type": "Transitive",
        "resolved": "10.0.10",
        "contentHash": "2gLDordUCGf3aNOOuqtTbP5mxhiP9nk6TnvGiE3RnqT891O+Zf/qKu1PIREubs1M16A0SImr4vULBfU5BTDs1Q=="
      },
      "Microsoft.IdentityModel.Abstractions": {
        "type": "Transitive",
        "resolved": "8.19.2",
        "contentHash": "HJbo/lnSfNHUfphPRT910poQc4T2/9+8svFLvzuaYHGAOJ2Tu+oEDqpX0BVP3BJ4OuUM1kylEKyaiX2fCAK3Cw=="
      },
      "Microsoft.IdentityModel.JsonWebTokens": {
        "type": "Transitive",
        "resolved": "8.19.2",
        "contentHash": "ui3fuBT4fs8kdKfBthI4NzLYIBIneEVS8UrL1JVBzAn80UiKmngBBi0BEByE7n/9c+EElcfFlCMFFTqpkBSLNA==",
        "dependencies": {
          "Microsoft.IdentityModel.Tokens": "8.19.2"
        }
      },
      "Microsoft.IdentityModel.Logging": {
        "type": "Transitive",
        "resolved": "8.19.2",
        "contentHash": "r5YLDIxGOnkVJHrqXv/iD1FM1CgGrQOdriXuvuWvTPmKbnGANhEysq9XKmN6IHjf2a+9bAGEpnoRBsAQlvJU5w==",
        "dependencies": {
          "Microsoft.IdentityModel.Abstractions": "8.19.2"
        }
      },
      "Microsoft.IdentityModel.Protocols": {
        "type": "Transitive",
        "resolved": "8.19.2",
        "contentHash": "sGxSsSrZXNmca6D+jHH2rVRyo2nNRd/g4H9CFbPmLLq0xgoH1U0orLWE5minfijw7+zq49tBs7txenbfAErRoQ==",
        "dependencies": {
          "Microsoft.IdentityModel.Tokens": "8.19.2"
        }
      },
      "Microsoft.IdentityModel.Protocols.OpenIdConnect": {
        "type": "Transitive",
        "resolved": "8.19.2",
        "contentHash": "1XOcyY36cVymzE3qKdzKaUEZ4Pzt7ZpSa14JZoPPK1NLFUkQDs85TCqpV6XDo0YjFXj6nVK00AfOHppjghjhtw==",
        "dependencies": {
          "Microsoft.IdentityModel.Protocols": "8.19.2",
          "System.IdentityModel.Tokens.Jwt": "8.19.2"
        }
      },
      "Microsoft.IdentityModel.Tokens": {
        "type": "Transitive",
        "resolved": "8.19.2",
        "contentHash": "GtPC1S02uH1gOO4fQ+zRysIicKmEXaYFP8PIkdJYXqMyruYhopre4ozVHp0XiDSA0+GJvOZH9prxCPvgBMg4Ww==",
        "dependencies": {
          "Microsoft.Bcl.Cryptography": "10.0.2",
          "Microsoft.IdentityModel.Logging": "8.19.2"
        }
      },
      "Newtonsoft.Json": {
        "type": "Transitive",
        "resolved": "13.0.1",
        "contentHash": "ppPFpBcvxdsfUonNcvITKqLl3bqxWbDCZIzDWHzjpdAHRFfZe0Dw9HmA0+za13IdyrgJwpkDTDA9fHaxOrt20A=="
      },
      "Npgsql": {
        "type": "Transitive",
        "resolved": "10.0.0",
        "contentHash": "xZAYhPOU2rUIFpV48xsqhCx9vXs6Y+0jX2LCoSEfDFYMw9jtAOUk3iQsCnDLrFIv9NT3JGMihn7nnuZsPKqJmA=="
      },
      "OpenTelemetry": {
        "type": "Transitive",
        "resolved": "1.17.0",
        "contentHash": "rMLOTftlMlTm7+MSrvXDHnJRjVkROFNKXHZrYjOsX+LankaFG7QSflx7qRRGjoqZoirohnxmJQ7GEb9occO4Gg==",
        "dependencies": {
          "OpenTelemetry.Api.ProviderBuilderExtensions": "1.17.0"
        }
      },
      "OpenTelemetry.Api": {
        "type": "Transitive",
        "resolved": "1.17.0",
        "contentHash": "mSBxzomZgHIJu9CyVNqyDu/n2JHEtqVgfcCD1Br0cV5iLYogjZOMqhlVLt99PEp+0KGBNUR3GXgeOdN2GR3F9g=="
      },
      "OpenTelemetry.Api.ProviderBuilderExtensions": {
        "type": "Transitive",
        "resolved": "1.17.0",
        "contentHash": "Xgc3Qf9B9TFMFpx6exTdGqMWuYIT2miNzkdMPutVvT9YuMFaEovXWke1Gb6z8NxYaQbbGF38vYLuSg1JCeui5Q==",
        "dependencies": {
          "OpenTelemetry.Api": "1.17.0"
        }
      },
      "System.ClientModel": {
        "type": "Transitive",
        "resolved": "1.14.0",
        "contentHash": "yhIJHDW3Hh5kcvhHv3ww1T8qvya06Nlwo/SR/rke4/fHXtyKiqQV/9b/VDhnVI7QUcMnpfvh4pIEFhNsTDLeKQ==",
        "dependencies": {
          "System.Memory.Data": "10.0.3"
        }
      },
      "System.IdentityModel.Tokens.Jwt": {
        "type": "Transitive",
        "resolved": "8.19.2",
        "contentHash": "gqhDC/icByKEutygpr+OFgAmjwTVowyzFjWB8K0q1ww8uFj5a1BQNL+QvijUl9uhq4p8OdDwcAIrjVC+eC9FVA==",
        "dependencies": {
          "Microsoft.IdentityModel.JsonWebTokens": "8.19.2",
          "Microsoft.IdentityModel.Tokens": "8.19.2"
        }
      },
      "System.Memory.Data": {
        "type": "Transitive",
        "resolved": "10.0.3",
        "contentHash": "MaGhRfGunmrj/nHjtsi9XkhlYJ/ERGWrbA+BiSKNtGnAjc9XlG5EhAvak6VRcX5LYzPF6pBO8nJ613dTgzabig=="
      },
      "purpleglass.adapters.ai.mock": {
        "type": "Project",
        "dependencies": {
          "PurpleGlass.Modules.Conversation.Application": "[1.0.0, )"
        }
      },
      "purpleglass.adapters.ai.openai": {
        "type": "Project",
        "dependencies": {
          "OpenAI": "[2.12.0, )",
          "PurpleGlass.Modules.Conversation.Application": "[1.0.0, )"
        }
      },
      "purpleglass.adapters.speech.mock": {
        "type": "Project",
        "dependencies": {
          "PurpleGlass.Modules.Conversation.Application": "[1.0.0, )"
        }
      },
      "purpleglass.adapters.speech.openai": {
        "type": "Project",
        "dependencies": {
          "OpenAI": "[2.12.0, )",
          "PurpleGlass.Modules.Conversation.Application": "[1.0.0, )"
        }
      },
      "purpleglass.adapters.telephony.fake": {
        "type": "Project",
        "dependencies": {
          "PurpleGlass.Modules.CallManagement.Application": "[1.0.0, )"
        }
      },
      "purpleglass.adapters.telephony.twilio": {
        "type": "Project",
        "dependencies": {
          "PurpleGlass.Modules.CallManagement.Application": "[1.0.0, )",
          "PurpleGlass.Modules.Conversation.Application": "[1.0.0, )",
          "Twilio": "[7.14.9, )"
        }
      },
      "purpleglass.application.abstractions": {
        "type": "Project",
        "dependencies": {
          "PurpleGlass.SharedKernel": "[1.0.0, )"
        }
      },
      "purpleglass.eventing": {
        "type": "Project",
        "dependencies": {
          "PurpleGlass.Application.Abstractions": "[1.0.0, )",
          "PurpleGlass.SharedKernel": "[1.0.0, )"
        }
      },
      "purpleglass.eventing.infrastructure": {
        "type": "Project",
        "dependencies": {
          "Microsoft.EntityFrameworkCore": "[10.0.10, )",
          "Npgsql.EntityFrameworkCore.PostgreSQL": "[10.0.0, )",
          "PurpleGlass.Eventing": "[1.0.0, )",
          "PurpleGlass.Observability": "[1.0.0, )"
        }
      },
      "purpleglass.modules.audit.application": {
        "type": "Project",
        "dependencies": {
          "PurpleGlass.Application.Abstractions": "[1.0.0, )",
          "PurpleGlass.Modules.Audit.Contracts": "[1.0.0, )",
          "PurpleGlass.Modules.Audit.Domain": "[1.0.0, )"
        }
      },
      "purpleglass.modules.audit.contracts": {
        "type": "Project"
      },
      "purpleglass.modules.audit.domain": {
        "type": "Project",
        "dependencies": {
          "PurpleGlass.SharedKernel": "[1.0.0, )"
        }
      },
      "purpleglass.modules.audit.infrastructure": {
        "type": "Project",
        "dependencies": {
          "Microsoft.EntityFrameworkCore": "[10.0.10, )",
          "Microsoft.EntityFrameworkCore.Relational": "[10.0.10, )",
          "PurpleGlass.Eventing": "[1.0.0, )",
          "PurpleGlass.Modules.Audit.Application": "[1.0.0, )",
          "PurpleGlass.Modules.Audit.Domain": "[1.0.0, )",
          "PurpleGlass.Observability": "[1.0.0, )"
        }
      },
      "purpleglass.modules.callmanagement.application": {
        "type": "Project",
        "dependencies": {
          "PurpleGlass.Eventing": "[1.0.0, )",
          "PurpleGlass.Modules.CallManagement.Contracts": "[1.0.0, )",
          "PurpleGlass.Modules.CallManagement.Domain": "[1.0.0, )"
        }
      },
      "purpleglass.modules.callmanagement.contracts": {
        "type": "Project"
      },
      "purpleglass.modules.callmanagement.domain": {
        "type": "Project",
        "dependencies": {
          "PurpleGlass.SharedKernel": "[1.0.0, )"
        }
      },
      "purpleglass.modules.callmanagement.infrastructure": {
        "type": "Project",
        "dependencies": {
          "Microsoft.EntityFrameworkCore": "[10.0.10, )",
          "Npgsql.EntityFrameworkCore.PostgreSQL": "[10.0.0, )",
          "PurpleGlass.Eventing": "[1.0.0, )",
          "PurpleGlass.Modules.CallManagement.Application": "[1.0.0, )",
          "PurpleGlass.Modules.CallManagement.Domain": "[1.0.0, )"
        }
      },
      "purpleglass.modules.conversation.application": {
        "type": "Project",
        "dependencies": {
          "PurpleGlass.Eventing": "[1.0.0, )",
          "PurpleGlass.Modules.CallManagement.Contracts": "[1.0.0, )",
          "PurpleGlass.Modules.Conversation.Contracts": "[1.0.0, )",
          "PurpleGlass.Modules.Conversation.Domain": "[1.0.0, )",
          "PurpleGlass.Observability": "[1.0.0, )"
        }
      },
      "purpleglass.modules.conversation.contracts": {
        "type": "Project"
      },
      "purpleglass.modules.conversation.domain": {
        "type": "Project",
        "dependencies": {
          "PurpleGlass.SharedKernel": "[1.0.0, )"
        }
      },
      "purpleglass.modules.conversation.infrastructure": {
        "type": "Project",
        "dependencies": {
          "Microsoft.EntityFrameworkCore": "[10.0.10, )",
          "Npgsql.EntityFrameworkCore.PostgreSQL": "[10.0.0, )",
          "PurpleGlass.Eventing": "[1.0.0, )",
          "PurpleGlass.Modules.Conversation.Application": "[1.0.0, )",
          "PurpleGlass.Modules.Conversation.Domain": "[1.0.0, )"
        }
      },
      "purpleglass.modules.identity.application": {
        "type": "Project",
        "dependencies": {
          "PurpleGlass.Modules.Identity.Domain": "[1.0.0, )"
        }
      },
      "purpleglass.modules.identity.domain": {
        "type": "Project"
      },
      "purpleglass.modules.tenancy.application": {
        "type": "Project",
        "dependencies": {
          "PurpleGlass.Application.Abstractions": "[1.0.0, )",
          "PurpleGlass.Eventing": "[1.0.0, )",
          "PurpleGlass.Modules.Audit.Application": "[1.0.0, )",
          "PurpleGlass.Modules.Tenancy.Contracts": "[1.0.0, )",
          "PurpleGlass.Modules.Tenancy.Domain": "[1.0.0, )"
        }
      },
      "purpleglass.modules.tenancy.contracts": {
        "type": "Project"
      },
      "purpleglass.modules.tenancy.domain": {
        "type": "Project",
        "dependencies": {
          "PurpleGlass.SharedKernel": "[1.0.0, )"
        }
      },
      "purpleglass.modules.tenancy.infrastructure": {
        "type": "Project",
        "dependencies": {
          "Microsoft.EntityFrameworkCore": "[10.0.10, )",
          "Npgsql.EntityFrameworkCore.PostgreSQL": "[10.0.0, )",
          "PurpleGlass.Eventing": "[1.0.0, )",
          "PurpleGlass.Modules.Audit.Infrastructure": "[1.0.0, )",
          "PurpleGlass.Modules.Tenancy.Application": "[1.0.0, )",
          "PurpleGlass.Modules.Tenancy.Domain": "[1.0.0, )",
          "PurpleGlass.Observability": "[1.0.0, )"
        }
      },
      "purpleglass.modules.tenancy.presentation": {
        "type": "Project",
        "dependencies": {
          "PurpleGlass.Modules.Tenancy.Application": "[1.0.0, )",
          "PurpleGlass.Modules.Tenancy.Contracts": "[1.0.0, )"
        }
      },
      "purpleglass.observability": {
        "type": "Project",
        "dependencies": {
          "OpenTelemetry.Exporter.OpenTelemetryProtocol": "[1.17.0, )",
          "OpenTelemetry.Extensions.Hosting": "[1.17.0, )",
          "OpenTelemetry.Instrumentation.AspNetCore": "[1.17.0, )",
          "OpenTelemetry.Instrumentation.Http": "[1.17.0, )",
          "OpenTelemetry.Instrumentation.Runtime": "[1.17.0, )"
        }
      },
      "purpleglass.sharedkernel": {
        "type": "Project"
      },
      "Microsoft.EntityFrameworkCore": {
        "type": "CentralTransitive",
        "requested": "[10.0.10, )",
        "resolved": "10.0.10",
        "contentHash": "a0V7zj/VbYP6dTdWpUgE/r2PuLKtUGe2aJ0lVKkn/wP9ZhaxUz2kQydVfvOjCv2SKxlrqdBfHhPD4Cvlf+4ffA==",
        "dependencies": {
          "Microsoft.EntityFrameworkCore.Abstractions": "10.0.10",
          "Microsoft.EntityFrameworkCore.Analyzers": "10.0.10"
        }
      },
      "Microsoft.EntityFrameworkCore.Relational": {
        "type": "CentralTransitive",
        "requested": "[10.0.10, )",
        "resolved": "10.0.10",
        "contentHash": "wNonj40aZxia+GtuBiiD6ZqVh4h6y5Nje1bGdmzZ8/ui0QRsAN+S0SIrLHFCEGbG9cDbeaE40sh+Lr7o9rRs6g==",
        "dependencies": {
          "Microsoft.EntityFrameworkCore": "10.0.10"
        }
      },
      "Npgsql.EntityFrameworkCore.PostgreSQL": {
        "type": "CentralTransitive",
        "requested": "[10.0.0, )",
        "resolved": "10.0.0",
        "contentHash": "E2+uSWxSB8LdsUVwPaqRWOcGOP92biry2JEwc0KJMdLJF+aZdczeIdEXVwEyv4nSVMQJH0o8tLhyAMiR6VF0lw==",
        "dependencies": {
          "Microsoft.EntityFrameworkCore": "[10.0.0, 11.0.0)",
          "Microsoft.EntityFrameworkCore.Relational": "[10.0.0, 11.0.0)",
          "Npgsql": "10.0.0"
        }
      },
      "OpenAI": {
        "type": "CentralTransitive",
        "requested": "[2.12.0, )",
        "resolved": "2.12.0",
        "contentHash": "rKyVV0sJPo7pn0Ya5dgRs5ggGbjvnKcYSvYV2jITKgFIfeo2XHjgyi6UqNT/OnF0YBqjsNpPdgM6QjzYczWplg==",
        "dependencies": {
          "System.ClientModel": "1.14.0"
        }
      },
      "OpenTelemetry.Exporter.OpenTelemetryProtocol": {
        "type": "CentralTransitive",
        "requested": "[1.17.0, )",
        "resolved": "1.17.0",
        "contentHash": "R1omQOrQpGlS0Cp5UIr/TAiuEA48JrPlgr1NPV5gESiTU7HhWU+ILe2EBSYb1fKdsSavZ7nZkHcUxAzofPqr2A==",
        "dependencies": {
          "OpenTelemetry": "1.17.0"
        }
      },
      "OpenTelemetry.Extensions.Hosting": {
        "type": "CentralTransitive",
        "requested": "[1.17.0, )",
        "resolved": "1.17.0",
        "contentHash": "t1OwL/4qgboGMobYVT+UV5zgWnFqCp4Pw8lcsmzh8m2K8PQsTKkyxrC32tqYTMYny3GOW4q5cltE3dTVzLmRew==",
        "dependencies": {
          "OpenTelemetry": "1.17.0"
        }
      },
      "OpenTelemetry.Instrumentation.AspNetCore": {
        "type": "CentralTransitive",
        "requested": "[1.17.0, )",
        "resolved": "1.17.0",
        "contentHash": "rGbmk1vuy1kvgZmE0ps7Vb99YZvDap6AalrrF60FwnNit1uW/PbeFZj1cpb0T8MPkYmjhBrRJ1/JB6QqXkRjHA==",
        "dependencies": {
          "OpenTelemetry.Api.ProviderBuilderExtensions": "[1.17.0, 2.0.0)"
        }
      },
      "OpenTelemetry.Instrumentation.Http": {
        "type": "CentralTransitive",
        "requested": "[1.17.0, )",
        "resolved": "1.17.0",
        "contentHash": "uTwVtxIJ/xB96wGYTaDsbkJVeCFdUxTwvrlDUn2YJixy0UuKc8DvQMzwKNJMTzNFiiyYO9c40id6tUHTmWs33A==",
        "dependencies": {
          "OpenTelemetry.Api.ProviderBuilderExtensions": "[1.17.0, 2.0.0)"
        }
      },
      "OpenTelemetry.Instrumentation.Runtime": {
        "type": "CentralTransitive",
        "requested": "[1.17.0, )",
        "resolved": "1.17.0",
        "contentHash": "HyYenisDn/xdtyVXdjImsCl+RNC2gq01N0rvSR7tsYAylXR2sxX/YgMsyTajMXA27+r1vB7lNU8cWRhV0fwL+Q==",
        "dependencies": {
          "OpenTelemetry.Api": "[1.17.0, 2.0.0)"
        }
      },
      "Twilio": {
        "type": "CentralTransitive",
        "requested": "[7.14.9, )",
        "resolved": "7.14.9",
        "contentHash": "dYFgEoNofKasj2cpYddZT7yVkBexkQz4eTlQ4c72BO2H1H8UbTGGl9Aa7NIFBUuTcdNWOYwIZlHjmitlRng28g==",
        "dependencies": {
          "Microsoft.IdentityModel.Tokens": "8.3.1",
          "Newtonsoft.Json": "13.0.1",
          "System.IdentityModel.Tokens.Jwt": "8.3.1"
        }
      }
    }
  }
}